
Microsoft Visual Studio Solution File, Format Version 12.00
# Visual Studio Version 17
VisualStudioVersion = 17.12.35527.113
MinimumVisualStudioVersion = 10.0.40219.1
Project("{FAE04EC0-301F-11D3-BF4B-00C04F79EFBC}") = "ChatConversationControl", "ChatConversationControl\ChatConversationControl.csproj", "{2BD5A00A-4515-4AC3-9085-665F7F73BDF3}"
EndProject
Project("{FAE04EC0-301F-11D3-BF4B-00C04F79EFBC}") = "ChatConversationControl.Test", "ChatConversationControl.Test\ChatConversationControl.Test.csproj", "{950EB7F2-C7B8-44F9-B94E-0A331E3AAFA3}"
EndProject
Project("{2150E333-8FDC-42A3-9474-1A3956D46DE8}") = "Solution Items", "Solution Items", "{23C21CFB-62FC-4DC9-A3D0-9380B63B4245}"
	ProjectSection(SolutionItems) = preProject
		README.md = README.md
	EndProjectSection
EndProject
Project("{FAE04EC0-301F-11D3-BF4B-00C04F79EFBC}") = "WPFUiDesktopApp", "WPFUiDesktopApp\WPFUiDesktopApp.csproj", "{F8FCEBB6-719B-42B6-B512-6E80FA725B29}"
EndProject
Project("{2150E333-8FDC-42A3-9474-1A3956D46DE8}") = "Controls", "Controls", "{4B51DFAC-FAB6-4B9E-B6D9-FD94F207ACCC}"
EndProject
Project("{2150E333-8FDC-42A3-9474-1A3956D46DE8}") = "WPF-UI", "WPF-UI", "{1CB01E89-B6A5-4538-9F49-CD9B8F1D15D2}"
EndProject
Project("{2150E333-8FDC-42A3-9474-1A3956D46DE8}") = "GUI", "GUI", "{B2BC7F7D-4ADB-429E-AA4C-41C0DCA79388}"
EndProject
Project("{2150E333-8FDC-42A3-9474-1A3956D46DE8}") = "AI", "AI", "{4DEF615C-AC38-4518-A3DB-0CCB9F8BBD7C}"
EndProject
Project("{FAE04EC0-301F-11D3-BF4B-00C04F79EFBC}") = "HaMiAi", "HaMiAi\HaMiAi.csproj", "{5C21B721-6C0E-4ABD-A177-EBEC14E844CC}"
EndProject
Global
	GlobalSection(SolutionConfigurationPlatforms) = preSolution
		Debug|Any CPU = Debug|Any CPU
		Release|Any CPU = Release|Any CPU
	EndGlobalSection
	GlobalSection(ProjectConfigurationPlatforms) = postSolution
		{2BD5A00A-4515-4AC3-9085-665F7F73BDF3}.Debug|Any CPU.ActiveCfg = Debug|Any CPU
		{2BD5A00A-4515-4AC3-9085-665F7F73BDF3}.Debug|Any CPU.Build.0 = Debug|Any CPU
		{2BD5A00A-4515-4AC3-9085-665F7F73BDF3}.Release|Any CPU.ActiveCfg = Release|Any CPU
		{2BD5A00A-4515-4AC3-9085-665F7F73BDF3}.Release|Any CPU.Build.0 = Release|Any CPU
		{950EB7F2-C7B8-44F9-B94E-0A331E3AAFA3}.Debug|Any CPU.ActiveCfg = Debug|Any CPU
		{950EB7F2-C7B8-44F9-B94E-0A331E3AAFA3}.Debug|Any CPU.Build.0 = Debug|Any CPU
		{950EB7F2-C7B8-44F9-B94E-0A331E3AAFA3}.Release|Any CPU.ActiveCfg = Release|Any CPU
		{950EB7F2-C7B8-44F9-B94E-0A331E3AAFA3}.Release|Any CPU.Build.0 = Release|Any CPU
		{F8FCEBB6-719B-42B6-B512-6E80FA725B29}.Debug|Any CPU.ActiveCfg = Debug|Any CPU
		{F8FCEBB6-719B-42B6-B512-6E80FA725B29}.Debug|Any CPU.Build.0 = Debug|Any CPU
		{F8FCEBB6-719B-42B6-B512-6E80FA725B29}.Release|Any CPU.ActiveCfg = Release|Any CPU
		{F8FCEBB6-719B-42B6-B512-6E80FA725B29}.Release|Any CPU.Build.0 = Release|Any CPU
		{5C21B721-6C0E-4ABD-A177-EBEC14E844CC}.Debug|Any CPU.ActiveCfg = Debug|Any CPU
		{5C21B721-6C0E-4ABD-A177-EBEC14E844CC}.Debug|Any CPU.Build.0 = Debug|Any CPU
		{5C21B721-6C0E-4ABD-A177-EBEC14E844CC}.Release|Any CPU.ActiveCfg = Release|Any CPU
		{5C21B721-6C0E-4ABD-A177-EBEC14E844CC}.Release|Any CPU.Build.0 = Release|Any CPU
	EndGlobalSection
	GlobalSection(SolutionProperties) = preSolution
		HideSolutionNode = FALSE
	EndGlobalSection
	GlobalSection(NestedProjects) = preSolution
		{2BD5A00A-4515-4AC3-9085-665F7F73BDF3} = {4B51DFAC-FAB6-4B9E-B6D9-FD94F207ACCC}
		{950EB7F2-C7B8-44F9-B94E-0A331E3AAFA3} = {4B51DFAC-FAB6-4B9E-B6D9-FD94F207ACCC}
		{F8FCEBB6-719B-42B6-B512-6E80FA725B29} = {1CB01E89-B6A5-4538-9F49-CD9B8F1D15D2}
		{1CB01E89-B6A5-4538-9F49-CD9B8F1D15D2} = {B2BC7F7D-4ADB-429E-AA4C-41C0DCA79388}
		{5C21B721-6C0E-4ABD-A177-EBEC14E844CC} = {4DEF615C-AC38-4518-A3DB-0CCB9F8BBD7C}
	EndGlobalSection
EndGlobal
